
Microsoft Visual Studio Solution File, Format Version 12.00
# Visual Studio 14
VisualStudioVersion = 14.0.25420.1
MinimumVisualStudioVersion = 10.0.40219.1
Project("{FAE04EC0-301F-11D3-BF4B-00C04F79EFBC}") = "UrhoSharp", "UrhoSharp.csproj", "{AD3AFEC4-D1A1-4272-B658-5ED8E432F332}"
EndProject
Global
	GlobalSection(SolutionConfigurationPlatforms) = preSolution
		Ad-Hoc|iPhone = Ad-Hoc|iPhone
		Ad-Hoc|iPhoneSimulator = Ad-Hoc|iPhoneSimulator
		AppStore|iPhone = AppStore|iPhone
		AppStore|iPhoneSimulator = AppStore|iPhoneSimulator
		Debug|iPhone = Debug|iPhone
		Debug|iPhoneSimulator = Debug|iPhoneSimulator
		Release|iPhone = Release|iPhone
		Release|iPhoneSimulator = Release|iPhoneSimulator
	EndGlobalSection
	GlobalSection(ProjectConfigurationPlatforms) = postSolution
		{AD3AFEC4-D1A1-4272-B658-5ED8E432F332}.Ad-Hoc|iPhone.ActiveCfg = Ad-Hoc|iPhone
		{AD3AFEC4-D1A1-4272-B658-5ED8E432F332}.Ad-Hoc|iPhone.Build.0 = Ad-Hoc|iPhone
		{AD3AFEC4-D1A1-4272-B658-5ED8E432F332}.Ad-Hoc|iPhoneSimulator.ActiveCfg = Ad-Hoc|iPhoneSimulator
		{AD3AFEC4-D1A1-4272-B658-5ED8E432F332}.Ad-Hoc|iPhoneSimulator.Build.0 = Ad-Hoc|iPhoneSimulator
		{AD3AFEC4-D1A1-4272-B658-5ED8E432F332}.AppStore|iPhone.ActiveCfg = AppStore|iPhone
		{AD3AFEC4-D1A1-4272-B658-5ED8E432F332}.AppStore|iPhone.Build.0 = AppStore|iPhone
		{AD3AFEC4-D1A1-4272-B658-5ED8E432F332}.AppStore|iPhoneSimulator.ActiveCfg = AppStore|iPhoneSimulator
		{AD3AFEC4-D1A1-4272-B658-5ED8E432F332}.AppStore|iPhoneSimulator.Build.0 = AppStore|iPhoneSimulator
		{AD3AFEC4-D1A1-4272-B658-5ED8E432F332}.Debug|iPhone.ActiveCfg = Debug|iPhone
		{AD3AFEC4-D1A1-4272-B658-5ED8E432F332}.Debug|iPhone.Build.0 = Debug|iPhone
		{AD3AFEC4-D1A1-4272-B658-5ED8E432F332}.Debug|iPhoneSimulator.ActiveCfg = Debug|iPhoneSimulator
		{AD3AFEC4-D1A1-4272-B658-5ED8E432F332}.Debug|iPhoneSimulator.Build.0 = Debug|iPhoneSimulator
		{AD3AFEC4-D1A1-4272-B658-5ED8E432F332}.Release|iPhone.ActiveCfg = Release|iPhone
		{AD3AFEC4-D1A1-4272-B658-5ED8E432F332}.Release|iPhone.Build.0 = Release|iPhone
		{AD3AFEC4-D1A1-4272-B658-5ED8E432F332}.Release|iPhoneSimulator.ActiveCfg = Release|iPhoneSimulator
		{AD3AFEC4-D1A1-4272-B658-5ED8E432F332}.Release|iPhoneSimulator.Build.0 = Release|iPhoneSimulator
	EndGlobalSection
	GlobalSection(SolutionProperties) = preSolution
		HideSolutionNode = FALSE
	EndGlobalSection
EndGlobal
